
Microsoft Visual Studio Solution File, Format Version 12.00
# Visual Studio Version 16
VisualStudioVersion = 16.0.31515.178
MinimumVisualStudioVersion = 10.0.40219.1
Project("{FAE04EC0-301F-11D3-BF4B-00C04F79EFBC}") = "MultipleRestaurantsManagentSystem", "MultipleRestaurantsManagentSystem\MultipleRestaurantsManagentSystem.csproj", "{13F72CF8-E3E2-48C5-9173-4E5817A3C6A1}"
EndProject
Project("{FAE04EC0-301F-11D3-BF4B-00C04F79EFBC}") = "DataAccessLayer", "DataAccessLayer\DataAccessLayer.csproj", "{05932F0D-BB7B-4F00-94C4-94ED656E477C}"
EndProject
Project("{FAE04EC0-301F-11D3-BF4B-00C04F79EFBC}") = "BusinessLayer", "BusinessLayer\BusinessLayer.csproj", "{EB49DAC0-B046-45E4-90F6-7627650A0F90}"
EndProject
Project("{FAE04EC0-301F-11D3-BF4B-00C04F79EFBC}") = "EntityLayer", "EntityLayer\EntityLayer.csproj", "{9866DEF6-B901-4432-AC7B-D1BDB6D7FA5D}"
EndProject
Project("{2150E333-8FDC-42A3-9474-1A3956D46DE8}") = "CustomerFacing", "CustomerFacing", "{D68591DE-C4C7-458D-B6AE-DC3956C1D049}"
EndProject
Project("{2150E333-8FDC-42A3-9474-1A3956D46DE8}") = "SuperAdmin", "SuperAdmin", "{C3DCAED3-9966-49E9-8DFE-27846F878ED1}"
EndProject
Project("{2150E333-8FDC-42A3-9474-1A3956D46DE8}") = "OrderTakingManagment", "OrderTakingManagment", "{D3F8C344-3EE1-4873-9DA1-8A20B3D06DAB}"
EndProject
Project("{2150E333-8FDC-42A3-9474-1A3956D46DE8}") = "DeliveryAndDriverManagment", "DeliveryAndDriverManagment", "{CD60C6D3-71E8-407F-A384-3C1EB0907D6D}"
EndProject
Global
	GlobalSection(SolutionConfigurationPlatforms) = preSolution
		Debug|Any CPU = Debug|Any CPU
		Release|Any CPU = Release|Any CPU
	EndGlobalSection
	GlobalSection(ProjectConfigurationPlatforms) = postSolution
		{13F72CF8-E3E2-48C5-9173-4E5817A3C6A1}.Debug|Any CPU.ActiveCfg = Debug|Any CPU
		{13F72CF8-E3E2-48C5-9173-4E5817A3C6A1}.Debug|Any CPU.Build.0 = Debug|Any CPU
		{13F72CF8-E3E2-48C5-9173-4E5817A3C6A1}.Release|Any CPU.ActiveCfg = Release|Any CPU
		{13F72CF8-E3E2-48C5-9173-4E5817A3C6A1}.Release|Any CPU.Build.0 = Release|Any CPU
		{05932F0D-BB7B-4F00-94C4-94ED656E477C}.Debug|Any CPU.ActiveCfg = Debug|Any CPU
		{05932F0D-BB7B-4F00-94C4-94ED656E477C}.Debug|Any CPU.Build.0 = Debug|Any CPU
		{05932F0D-BB7B-4F00-94C4-94ED656E477C}.Release|Any CPU.ActiveCfg = Release|Any CPU
		{05932F0D-BB7B-4F00-94C4-94ED656E477C}.Release|Any CPU.Build.0 = Release|Any CPU
		{EB49DAC0-B046-45E4-90F6-7627650A0F90}.Debug|Any CPU.ActiveCfg = Debug|Any CPU
		{EB49DAC0-B046-45E4-90F6-7627650A0F90}.Debug|Any CPU.Build.0 = Debug|Any CPU
		{EB49DAC0-B046-45E4-90F6-7627650A0F90}.Release|Any CPU.ActiveCfg = Release|Any CPU
		{EB49DAC0-B046-45E4-90F6-7627650A0F90}.Release|Any CPU.Build.0 = Release|Any CPU
		{9866DEF6-B901-4432-AC7B-D1BDB6D7FA5D}.Debug|Any CPU.ActiveCfg = Debug|Any CPU
		{9866DEF6-B901-4432-AC7B-D1BDB6D7FA5D}.Debug|Any CPU.Build.0 = Debug|Any CPU
		{9866DEF6-B901-4432-AC7B-D1BDB6D7FA5D}.Release|Any CPU.ActiveCfg = Release|Any CPU
		{9866DEF6-B901-4432-AC7B-D1BDB6D7FA5D}.Release|Any CPU.Build.0 = Release|Any CPU
	EndGlobalSection
	GlobalSection(SolutionProperties) = preSolution
		HideSolutionNode = FALSE
	EndGlobalSection
	GlobalSection(NestedProjects) = preSolution
		{13F72CF8-E3E2-48C5-9173-4E5817A3C6A1} = {D68591DE-C4C7-458D-B6AE-DC3956C1D049}
		{05932F0D-BB7B-4F00-94C4-94ED656E477C} = {D68591DE-C4C7-458D-B6AE-DC3956C1D049}
		{EB49DAC0-B046-45E4-90F6-7627650A0F90} = {D68591DE-C4C7-458D-B6AE-DC3956C1D049}
		{9866DEF6-B901-4432-AC7B-D1BDB6D7FA5D} = {D68591DE-C4C7-458D-B6AE-DC3956C1D049}
	EndGlobalSection
	GlobalSection(ExtensibilityGlobals) = postSolution
		SolutionGuid = {45F08EBA-3500-497A-B3FC-1428CE3D4751}
	EndGlobalSection
EndGlobal
